// !$*UTF8*$!
{
	archiveVersion = 1;
	classes = {
	};
	objectVersion = 48;
	objects = {

/* Begin PBXBuildFile section */
		4F4D9BC220295F4600970FFF /* AppDelegate.swift in Sources */ = {isa = PBXBuildFile; fileRef = 4F4D9BC120295F4600970FFF /* AppDelegate.swift */; };
		4F4D9BC420295F4600970FFF /* ViewController.swift in Sources */ = {isa = PBXBuildFile; fileRef = 4F4D9BC320295F4600970FFF /* ViewController.swift */; };
		4F4D9BC720295F4600970FFF /* Main.storyboard in Resources */ = {isa = PBXBuildFile; fileRef = 4F4D9BC520295F4600970FFF /* Main.storyboard */; };
		4F4D9BC920295F4600970FFF /* Assets.xcassets in Resources */ = {isa = PBXBuildFile; fileRef = 4F4D9BC820295F4600970FFF /* Assets.xcassets */; };
		4F4D9BCC20295F4600970FFF /* LaunchScreen.storyboard in Resources */ = {isa = PBXBuildFile; fileRef = 4F4D9BCA20295F4600970FFF /* LaunchScreen.storyboard */; };
		4F4D9BD42029610800970FFF /* SceneViewController.swift in Sources */ = {isa = PBXBuildFile; fileRef = 4F4D9BD32029610800970FFF /* SceneViewController.swift */; };
/* End PBXBuildFile section */

/* Begin PBXFileReference section */
		4F4D9BBE20295F4600970FFF /* WhatYouSee.app */ = {isa = PBXFileReference; explicitFileType = wrapper.application; includeInIndex = 0; path = WhatYouSee.app; sourceTree = BUILT_PRODUCTS_DIR; };
		4F4D9BC120295F4600970FFF /* AppDelegate.swift */ = {isa = PBXFileReference; lastKnownFileType = sourcecode.swift; path = AppDelegate.swift; sourceTree = "<group>"; };
		4F4D9BC320295F4600970FFF /* ViewController.swift */ = {isa = PBXFileReference; lastKnownFileType = sourcecode.swift; path = ViewController.swift; sourceTree = "<group>"; };
		4F4D9BC620295F4600970FFF /* Base */ = {isa = PBXFileReference; lastKnownFileType = file.storyboard; name = Base; path = Base.lproj/Main.storyboard; sourceTree = "<group>"; };
		4F4D9BC820295F4600970FFF /* Assets.xcassets */ = {isa = PBXFileReference; lastKnownFileType = folder.assetcatalog; path = Assets.xcassets; sourceTree = "<group>"; };
		4F4D9BCB20295F4600970FFF /* Base */ = {isa = PBXFileReference; lastKnownFileType = file.storyboard; name = Base; path = Base.lproj/LaunchScreen.storyboard; sourceTree = "<group>"; };
		4F4D9BCD20295F4600970FFF /* Info.plist */ = {isa = PBXFileReference; lastKnownFileType = text.plist.xml; path = Info.plist; sourceTree = "<group>"; };
		4F4D9BD32029610800970FFF /* SceneViewController.swift */ = {isa = PBXFileReference; lastKnownFileType = sourcecode.swift; path = SceneViewController.swift; sourceTree = "<group>"; };
/* End PBXFileReference section */

/* Begin PBXFrameworksBuildPhase section */
		4F4D9BBB20295F4600970FFF /* Frameworks */ = {
			isa = PBXFrameworksBuildPhase;
			buildActionMask = 2147483647;
			files = (
			);
			runOnlyForDeploymentPostprocessing = 0;
		};
/* End PBXFrameworksBuildPhase section */

/* Begin PBXGroup section */
		4F4D9BB520295F4600970FFF = {
			isa = PBXGroup;
			children = (
				4F4D9BC020295F4600970FFF /* WhatYouSee */,
				4F4D9BBF20295F4600970FFF /* Products */,
			);
			sourceTree = "<group>";
		};
		4F4D9BBF20295F4600970FFF /* Products */ = {
			isa = PBXGroup;
			children = (
				4F4D9BBE20295F4600970FFF /* WhatYouSee.app */,
			);
			name = Products;
			sourceTree = "<group>";
		};
		4F4D9BC020295F4600970FFF /* WhatYouSee */ = {
			isa = PBXGroup;
			children = (
				4F4D9BC120295F4600970FFF /* AppDelegate.swift */,
				4F4D9BC320295F4600970FFF /* ViewController.swift */,
				4F4D9BC520295F4600970FFF /* Main.storyboard */,
				4F4D9BC820295F4600970FFF /* Assets.xcassets */,
				4F4D9BCA20295F4600970FFF /* LaunchScreen.storyboard */,
				4F4D9BCD20295F4600970FFF /* Info.plist */,
				4F4D9BD32029610800970FFF /* SceneViewController.swift */,
			);
			path = WhatYouSee;
			sourceTree = "<group>";
		};
/* End PBXGroup section */

/* Begin PBXNativeTarget section */
		4F4D9BBD20295F4600970FFF /* WhatYouSee */ = {
			isa = PBXNativeTarget;
			buildConfigurationList = 4F4D9BD020295F4600970FFF /* Build configuration list for PBXNativeTarget "WhatYouSee" */;
			buildPhases = (
				4F4D9BBA20295F4600970FFF /* Sources */,
				4F4D9BBB20295F4600970FFF /* Frameworks */,
				4F4D9BBC20295F4600970FFF /* Resources */,
			);
			buildRules = (
			);
			dependencies = (
			);
			name = WhatYouSee;
			productName = WhatYouSee;
			productReference = 4F4D9BBE20295F4600970FFF /* WhatYouSee.app */;
			productType = "com.apple.product-type.application";
		};
/* End PBXNativeTarget section */

/* Begin PBXProject section */
		4F4D9BB620295F4600970FFF /* Project object */ = {
			isa = PBXProject;
			attributes = {
				LastSwiftUpdateCheck = 0920;
				LastUpgradeCheck = 0920;
				ORGANIZATIONNAME = melody5417;
				TargetAttributes = {
					4F4D9BBD20295F4600970FFF = {
						CreatedOnToolsVersion = 9.2;
						ProvisioningStyle = Automatic;
					};
				};
			};
			buildConfigurationList = 4F4D9BB920295F4600970FFF /* Build configuration list for PBXProject "WhatYouSee" */;
			compatibilityVersion = "Xcode 8.0";
			developmentRegion = en;
			hasScannedForEncodings = 0;
			knownRegions = (
				en,
				Base,
			);
			mainGroup = 4F4D9BB520295F4600970FFF;
			productRefGroup = 4F4D9BBF20295F4600970FFF /* Products */;
			projectDirPath = "";
			projectRoot = "";
			targets = (
				4F4D9BBD20295F4600970FFF /* WhatYouSee */,
			);
		};
/* End PBXProject section */

/* Begin PBXResourcesBuildPhase section */
		4F4D9BBC20295F4600970FFF /* Resources */ = {
			isa = PBXResourcesBuildPhase;
			buildActionMask = 2147483647;
			files = (
				4F4D9BCC20295F4600970FFF /* LaunchScreen.storyboard in Resources */,
				4F4D9BC920295F4600970FFF /* Assets.xcassets in Resources */,
				4F4D9BC720295F4600970FFF /* Main.storyboard in Resources */,
			);
			runOnlyForDeploymentPostprocessing = 0;
		};
/* End PBXResourcesBuildPhase section */

/* Begin PBXSourcesBuildPhase section */
		4F4D9BBA20295F4600970FFF /* Sources */ = {
			isa = PBXSourcesBuildPhase;
			buildActionMask = 2147483647;
			files = (
				4F4D9BD42029610800970FFF /* SceneViewController.swift in Sources */,
				4F4D9BC420295F4600970FFF /* ViewController.swift in Sources */,
				4F4D9BC220295F4600970FFF /* AppDelegate.swift in Sources */,
			);
			runOnlyForDeploymentPostprocessing = 0;
		};
/* End PBXSourcesBuildPhase section */

/* Begin PBXVariantGroup section */
		4F4D9BC520295F4600970FFF /* Main.storyboard */ = {
			isa = PBXVariantGroup;
			children = (
				4F4D9BC620295F4600970FFF /* Base */,
			);
			name = Main.storyboard;
			sourceTree = "<group>";
		};
		4F4D9BCA20295F4600970FFF /* LaunchScreen.storyboard */ = {
			isa = PBXVariantGroup;
			children = (
				4F4D9BCB20295F4600970FFF /* Base */,
			);
			name = LaunchScreen.storyboard;
			sourceTree = "<group>";
		};
/* End PBXVariantGroup section */

/* Begin XCBuildConfiguration section */
		4F4D9BCE20295F4600970FFF /* Debug */ = {
			isa = XCBuildConfiguration;
			buildSettings = {
				ALWAYS_SEARCH_USER_PATHS = NO;
				CLANG_ANALYZER_NONNULL = YES;
				CLANG_ANALYZER_NUMBER_OBJECT_CONVERSION = YES_AGGRESSIVE;
				CLANG_CXX_LANGUAGE_STANDARD = "gnu++14";
				CLANG_CXX_LIBRARY = "libc++";
				CLANG_ENABLE_MODULES = YES;
				CLANG_ENABLE_OBJC_ARC = YES;
				CLANG_WARN_BLOCK_CAPTURE_AUTORELEASING = YES;
				CLANG_WARN_BOOL_CONVERSION = YES;
				CLANG_WARN_COMMA = YES;
				CLANG_WARN_CONSTANT_CONVERSION = YES;
				CLANG_WARN_DIRECT_OBJC_ISA_USAGE = YES_ERROR;
				CLANG_WARN_DOCUMENTATION_COMMENTS = YES;
				CLANG_WARN_EMPTY_BODY = YES;
				CLANG_WARN_ENUM_CONVERSION = YES;
				CLANG_WARN_INFINITE_RECURSION = YES;
				CLANG_WARN_INT_CONVERSION = YES;
				CLANG_WARN_NON_LITERAL_NULL_CONVERSION = YES;
				CLANG_WARN_OBJC_LITERAL_CONVERSION = YES;
				CLANG_WARN_OBJC_ROOT_CLASS = YES_ERROR;
				CLANG_WARN_RANGE_LOOP_ANALYSIS = YES;
				CLANG_WARN_STRICT_PROTOTYPES = YES;
				CLANG_WARN_SUSPICIOUS_MOVE = YES;
				CLANG_WARN_UNGUARDED_AVAILABILITY = YES_AGGRESSIVE;
				CLANG_WARN_UNREACHABLE_CODE = YES;
				CLANG_WARN__DUPLICATE_METHOD_MATCH = YES;
				CODE_SIGN_IDENTITY = "iPhone Developer";
				COPY_PHASE_STRIP = NO;
				DEBUG_INFORMATION_FORMAT = dwarf;
				ENABLE_STRICT_OBJC_MSGSEND = YES;
				ENABLE_TESTABILITY = YES;
				GCC_C_LANGUAGE_STANDARD = gnu11;
				GCC_DYNAMIC_NO_PIC = NO;
				GCC_NO_COMMON_BLOCKS = YES;
				GCC_OPTIMIZATION_LEVEL = 0;
				GCC_PREPROCESSOR_DEFINITIONS = (
					"DEBUG=1",
					"$(inherited)",
				);
				GCC_WARN_64_TO_32_BIT_CONVERSION = YES;
				GCC_WARN_ABOUT_RETURN_TYPE = YES_ERROR;
				GCC_WARN_UNDECLARED_SELECTOR = YES;
				GCC_WARN_UNINITIALIZED_AUTOS = YES_AGGRESSIVE;
				GCC_WARN_UNUSED_FUNCTION = YES;
				GCC_WARN_UNUSED_VARIABLE = YES;
				IPHONEOS_DEPLOYMENT_TARGET = 11.0;
				MTL_ENABLE_DEBUG_INFO = YES;
				ONLY_ACTIVE_ARCH = YES;
				SDKROOT = iphoneos;
				SWIFT_ACTIVE_COMPILATION_CONDITIONS = DEBUG;
				SWIFT_OPTIMIZATION_LEVEL = "-Onone";
			};
			name = Debug;
		};
		4F4D9BCF20295F4600970FFF /* Release */ = {
			isa = XCBuildConfiguration;
			buildSettings = {
				ALWAYS_SEARCH_USER_PATHS = NO;
				CLANG_ANALYZER_NONNULL = YES;
				CLANG_ANALYZER_NUMBER_OBJECT_CONVERSION = YES_AGGRESSIVE;
				CLANG_CXX_LANGUAGE_STANDARD = "gnu++14";
				CLANG_CXX_LIBRARY = "libc++";
				CLANG_ENABLE_MODULES = YES;
				CLANG_ENABLE_OBJC_ARC = YES;
				CLANG_WARN_BLOCK_CAPTURE_AUTORELEASING = YES;
				CLANG_WARN_BOOL_CONVERSION = YES;
				CLANG_WARN_COMMA = YES;
				CLANG_WARN_CONSTANT_CONVERSION = YES;
				CLANG_WARN_DIRECT_OBJC_ISA_USAGE = YES_ERROR;
				CLANG_WARN_DOCUMENTATION_COMMENTS = YES;
				CLANG_WARN_EMPTY_BODY = YES;
				CLANG_WARN_ENUM_CONVERSION = YES;
				CLANG_WARN_INFINITE_RECURSION = YES;
				CLANG_WARN_INT_CONVERSION = YES;
				CLANG_WARN_NON_LITERAL_NULL_CONVERSION = YES;
				CLANG_WARN_OBJC_LITERAL_CONVERSION = YES;
				CLANG_WARN_OBJC_ROOT_CLASS = YES_ERROR;
				CLANG_WARN_RANGE_LOOP_ANALYSIS = YES;
				CLANG_WARN_STRICT_PROTOTYPES = YES;
				CLANG_WARN_SUSPICIOUS_MOVE = YES;
				CLANG_WARN_UNGUARDED_AVAILABILITY = YES_AGGRESSIVE;
				CLANG_WARN_UNREACHABLE_CODE = YES;
				CLANG_WARN__DUPLICATE_METHOD_MATCH = YES;
				CODE_SIGN_IDENTITY = "iPhone Developer";
				COPY_PHASE_STRIP = NO;
				DEBUG_INFORMATION_FORMAT = "dwarf-with-dsym";
				ENABLE_NS_ASSERTIONS = NO;
				ENABLE_STRICT_OBJC_MSGSEND = YES;
				GCC_C_LANGUAGE_STANDARD = gnu11;
				GCC_NO_COMMON_BLOCKS = YES;
				GCC_WARN_64_TO_32_BIT_CONVERSION = YES;
				GCC_WARN_ABOUT_RETURN_TYPE = YES_ERROR;
				GCC_WARN_UNDECLARED_SELECTOR = YES;
				GCC_WARN_UNINITIALIZED_AUTOS = YES_AGGRESSIVE;
				GCC_WARN_UNUSED_FUNCTION = YES;
				GCC_WARN_UNUSED_VARIABLE = YES;
				IPHONEOS_DEPLOYMENT_TARGET = 11.0;
				MTL_ENABLE_DEBUG_INFO = NO;
				SDKROOT = iphoneos;
				SWIFT_OPTIMIZATION_LEVEL = "-Owholemodule";
				VALIDATE_PRODUCT = YES;
			};
			name = Release;
		};
		4F4D9BD120295F4600970FFF /* Debug */ = {
			isa = XCBuildConfiguration;
			buildSettings = {
				ASSETCATALOG_COMPILER_APPICON_NAME = AppIcon;
				CODE_SIGN_STYLE = Automatic;
				DEVELOPMENT_TEAM = 73337P6T5A;
				INFOPLIST_FILE = WhatYouSee/Info.plist;
				LD_RUNPATH_SEARCH_PATHS = "$(inherited) @executable_path/Frameworks";
				PRODUCT_BUNDLE_IDENTIFIER = com.melody5417.WhatYouSee;
				PRODUCT_NAME = "$(TARGET_NAME)";
				SWIFT_VERSION = 4.0;
				TARGETED_DEVICE_FAMILY = "1,2";
			};
			name = Debug;
		};
		4F4D9BD220295F4600970FFF /* Release */ = {
			isa = XCBuildConfiguration;
			buildSettings = {
				ASSETCATALOG_COMPILER_APPICON_NAME = AppIcon;
				CODE_SIGN_STYLE = Automatic;
				DEVELOPMENT_TEAM = 73337P6T5A;
				INFOPLIST_FILE = WhatYouSee/Info.plist;
				LD_RUNPATH_SEARCH_PATHS = "$(inherited) @executable_path/Frameworks";
				PRODUCT_BUNDLE_IDENTIFIER = com.melody5417.WhatYouSee;
				PRODUCT_NAME = "$(TARGET_NAME)";
				SWIFT_VERSION = 4.0;
				TARGETED_DEVICE_FAMILY = "1,2";
			};
			name = Release;
		};
/* End XCBuildConfiguration section */

/* Begin XCConfigurationList section */
		4F4D9BB920295F4600970FFF /* Build configuration list for PBXProject "WhatYouSee" */ = {
			isa = XCConfigurationList;
			buildConfigurations = (
				4F4D9BCE20295F4600970FFF /* Debug */,
				4F4D9BCF20295F4600970FFF /* Release */,
			);
			defaultConfigurationIsVisible = 0;
			defaultConfigurationName = Release;
		};
		4F4D9BD020295F4600970FFF /* Build configuration list for PBXNativeTarget "WhatYouSee" */ = {
			isa = XCConfigurationList;
			buildConfigurations = (
				4F4D9BD120295F4600970FFF /* Debug */,
				4F4D9BD220295F4600970FFF /* Release */,
			);
			defaultConfigurationIsVisible = 0;
			defaultConfigurationName = Release;
		};
/* End XCConfigurationList section */
	};
	rootObject = 4F4D9BB620295F4600970FFF /* Project object */;
}
